
Microsoft Visual Studio Solution File, Format Version 11.00
# Visual Studio 2010
Project("{FAE04EC0-301F-11D3-BF4B-00C04F79EFBC}") = "Proyecto", "Proyecto\Proyecto.csproj", "{535D6769-ADE3-4200-8026-43E750D4F82E}"
EndProject
Global
	GlobalSection(SolutionConfigurationPlatforms) = preSolution
		Debug|x86 = Debug|x86
		Release|x86 = Release|x86
	EndGlobalSection
	GlobalSection(ProjectConfigurationPlatforms) = postSolution
		{535D6769-ADE3-4200-8026-43E750D4F82E}.Debug|x86.ActiveCfg = Debug|x86
		{535D6769-ADE3-4200-8026-43E750D4F82E}.Debug|x86.Build.0 = Debug|x86
		{535D6769-ADE3-4200-8026-43E750D4F82E}.Release|x86.ActiveCfg = Release|x86
		{535D6769-ADE3-4200-8026-43E750D4F82E}.Release|x86.Build.0 = Release|x86
	EndGlobalSection
	GlobalSection(MonoDevelopProperties) = preSolution
		StartupItem = Proyecto\Proyecto.csproj
	EndGlobalSection
EndGlobal
